
Microsoft Visual Studio Solution File, Format Version 12.00
# Visual Studio Version 17
VisualStudioVersion = 17.7.34031.279
MinimumVisualStudioVersion = 10.0.40219.1
Project("{FAE04EC0-301F-11D3-BF4B-00C04F79EFBC}") = "Sysytem.Admin", "Sysytem.Admin\Sysytem.Admin.csproj", "{5DF9F04F-7FD1-4070-ADC6-04339A2B3E49}"
EndProject
Project("{FAE04EC0-301F-11D3-BF4B-00C04F79EFBC}") = "Admin.Model", "Admin.Model\Admin.Model.csproj", "{1549180B-98E0-45DD-8C31-07CA2BA0374A}"
EndProject
Project("{2150E333-8FDC-42A3-9474-1A3956D46DE8}") = "Solution Items", "Solution Items", "{17FED7AF-C343-49D4-AACC-1EE8D82774BA}"
	ProjectSection(SolutionItems) = preProject
		.editorconfig = .editorconfig
	EndProjectSection
EndProject
Global
	GlobalSection(SolutionConfigurationPlatforms) = preSolution
		Debug|Any CPU = Debug|Any CPU
		Release|Any CPU = Release|Any CPU
	EndGlobalSection
	GlobalSection(ProjectConfigurationPlatforms) = postSolution
		{5DF9F04F-7FD1-4070-ADC6-04339A2B3E49}.Debug|Any CPU.ActiveCfg = Debug|Any CPU
		{5DF9F04F-7FD1-4070-ADC6-04339A2B3E49}.Debug|Any CPU.Build.0 = Debug|Any CPU
		{5DF9F04F-7FD1-4070-ADC6-04339A2B3E49}.Release|Any CPU.ActiveCfg = Release|Any CPU
		{5DF9F04F-7FD1-4070-ADC6-04339A2B3E49}.Release|Any CPU.Build.0 = Release|Any CPU
		{1549180B-98E0-45DD-8C31-07CA2BA0374A}.Debug|Any CPU.ActiveCfg = Debug|Any CPU
		{1549180B-98E0-45DD-8C31-07CA2BA0374A}.Debug|Any CPU.Build.0 = Debug|Any CPU
		{1549180B-98E0-45DD-8C31-07CA2BA0374A}.Release|Any CPU.ActiveCfg = Release|Any CPU
		{1549180B-98E0-45DD-8C31-07CA2BA0374A}.Release|Any CPU.Build.0 = Release|Any CPU
	EndGlobalSection
	GlobalSection(SolutionProperties) = preSolution
		HideSolutionNode = FALSE
	EndGlobalSection
	GlobalSection(ExtensibilityGlobals) = postSolution
		SolutionGuid = {6908C27C-1723-4280-8AE9-9D461D582F51}
	EndGlobalSection
EndGlobal
